
Microsoft Visual Studio Solution File, Format Version 12.00
# Visual Studio 15
VisualStudioVersion = 15.0.28010.2036
MinimumVisualStudioVersion = 10.0.40219.1
Project("{FAE04EC0-301F-11D3-BF4B-00C04F79EFBC}") = "Receptsamling", "Receptsamling\Receptsamling.csproj", "{28D3812B-90D1-4341-91A8-B24CEAC185EE}"
EndProject
Global
	GlobalSection(SolutionConfigurationPlatforms) = preSolution
		Debug|Any CPU = Debug|Any CPU
		Release|Any CPU = Release|Any CPU
	EndGlobalSection
	GlobalSection(ProjectConfigurationPlatforms) = postSolution
		{28D3812B-90D1-4341-91A8-B24CEAC185EE}.Debug|Any CPU.ActiveCfg = Debug|Any CPU
		{28D3812B-90D1-4341-91A8-B24CEAC185EE}.Debug|Any CPU.Build.0 = Debug|Any CPU
		{28D3812B-90D1-4341-91A8-B24CEAC185EE}.Release|Any CPU.ActiveCfg = Release|Any CPU
		{28D3812B-90D1-4341-91A8-B24CEAC185EE}.Release|Any CPU.Build.0 = Release|Any CPU
	EndGlobalSection
	GlobalSection(SolutionProperties) = preSolution
		HideSolutionNode = FALSE
	EndGlobalSection
	GlobalSection(ExtensibilityGlobals) = postSolution
		SolutionGuid = {72D881B8-450C-4603-9BC8-CE0693CA6320}
	EndGlobalSection
EndGlobal
