
Microsoft Visual Studio Solution File, Format Version 12.00
# Visual Studio 15
VisualStudioVersion = 15.0.28010.2036
MinimumVisualStudioVersion = 10.0.40219.1
Project("{FAE04EC0-301F-11D3-BF4B-00C04F79EFBC}") = "BankApp_Inlamn2", "BankApp_Inlamn2\BankApp_Inlamn2.csproj", "{D13F61BF-0945-4073-85C8-88207B826544}"
EndProject
Global
	GlobalSection(SolutionConfigurationPlatforms) = preSolution
		Debug|Any CPU = Debug|Any CPU
		Release|Any CPU = Release|Any CPU
	EndGlobalSection
	GlobalSection(ProjectConfigurationPlatforms) = postSolution
		{D13F61BF-0945-4073-85C8-88207B826544}.Debug|Any CPU.ActiveCfg = Debug|Any CPU
		{D13F61BF-0945-4073-85C8-88207B826544}.Debug|Any CPU.Build.0 = Debug|Any CPU
		{D13F61BF-0945-4073-85C8-88207B826544}.Release|Any CPU.ActiveCfg = Release|Any CPU
		{D13F61BF-0945-4073-85C8-88207B826544}.Release|Any CPU.Build.0 = Release|Any CPU
	EndGlobalSection
	GlobalSection(SolutionProperties) = preSolution
		HideSolutionNode = FALSE
	EndGlobalSection
	GlobalSection(ExtensibilityGlobals) = postSolution
		SolutionGuid = {93068355-D778-4370-8552-16FAC3588DBF}
	EndGlobalSection
EndGlobal
