
Microsoft Visual Studio Solution File, Format Version 12.00
# Visual Studio 15
VisualStudioVersion = 15.0.28307.271
MinimumVisualStudioVersion = 10.0.40219.1
Project("{FAE04EC0-301F-11D3-BF4B-00C04F79EFBC}") = "Blogg", "Blogg\Blogg.csproj", "{69BDD5DC-92D1-4E91-B9FB-A9F830C4A17C}"
EndProject
Global
	GlobalSection(SolutionConfigurationPlatforms) = preSolution
		Debug|Any CPU = Debug|Any CPU
		Release|Any CPU = Release|Any CPU
	EndGlobalSection
	GlobalSection(ProjectConfigurationPlatforms) = postSolution
		{69BDD5DC-92D1-4E91-B9FB-A9F830C4A17C}.Debug|Any CPU.ActiveCfg = Debug|Any CPU
		{69BDD5DC-92D1-4E91-B9FB-A9F830C4A17C}.Debug|Any CPU.Build.0 = Debug|Any CPU
		{69BDD5DC-92D1-4E91-B9FB-A9F830C4A17C}.Release|Any CPU.ActiveCfg = Release|Any CPU
		{69BDD5DC-92D1-4E91-B9FB-A9F830C4A17C}.Release|Any CPU.Build.0 = Release|Any CPU
	EndGlobalSection
	GlobalSection(SolutionProperties) = preSolution
		HideSolutionNode = FALSE
	EndGlobalSection
	GlobalSection(ExtensibilityGlobals) = postSolution
		SolutionGuid = {55E2B6CA-339B-4DF9-9CF3-591A49320D4B}
	EndGlobalSection
EndGlobal
